github.com/bytedance/json v0.0.0-20190516032711-0d89175f1949 h1:JG8x1j2Jvu4e1JwzEug80tkFXDEjl1MZxBWqUDaGM/U=
github.com/bytedance/json v0.0.0-20190516032711-0d89175f1949/go.mod h1:sP1wlZn6XebMh0e4IPCNmVKCwQIXK4CDjUsQUbi0Ewo=
github.com/davecgh/go-spew v1.1.0 h1:ZDRjVQ15GmhC3fiQ8ni8+OwkZQO4DARzQgrnXU1Liz8=
github.com/davecgh/go-spew v1.1.0/go.mod h1:J7Y8YcW2NihsgmVo/mv3lAwl/skON4iLHjSsI+c5H38=
github.com/davecgh/go-spew v1.1.1 h1:vj9j/u1bqnvCEfJOwUhtlOARqs3+rkHYY13jYWTU97c=
github.com/davecgh/go-spew v1.1.1/go.mod h1:J7Y8YcW2NihsgmVo/mv3lAwl/skON4iLHjSsI+c5H38=
github.com/dchest/safefile v0.0.0-20151022103144-855e8d98f185/go.mod h1:cFRxtTwTOJkz2x3rQUNCYKWC93yP1VKjR8NUhqFxZNU=
github.com/goclub/conv v0.0.0-20201224033411-596024c98152 h1:+KKy4IOUO3k/rHVXhOd+KjoO3MH5jhnEuM/Bb51jkFA=
github.com/goclub/conv v0.0.0-20201224033411-596024c98152/go.mod h1:EiGolkdGkICc05+NQxJga7yGnjzyNewox3gvc5mQN4w=
github.com/goclub/json v0.0.0-20201212033753-4350fe0a941e h1:f/k5Ym11yl5ZXT12kQRuI1OFI+j66ubwLHCm6i+Mg9E=
github.com/goclub/json v0.0.0-20201212033753-4350fe0a941e/go.mod h1:K7bX26XRz/QHEzyXUZNCYwN8yQsrfedeC1hhsE9HcRk=
github.com/goclub/time v0.0.0-20201218085221-ad01cef803d3 h1:70UivKcr6+JfYuUz/ra7e4z/4XeunahtGtqxoz3CjYA=
github.com/goclub/time v0.0.0-20201218085221-ad01cef803d3/go.mod h1:ubQiIzvf3qBw+a+J5563Rpf3yq2UvsVQzESGdg1rR4A=
github.com/google/go-querystring v1.0.0/go.mod h1:odCYkC5MyYFN7vkCjXpyrEuKhc/BUO6wN/zVPAxq5ck=
github.com/hoisie/mustache v0.0.0-20160804235033-6375acf62c69 h1:umaj0TCQ9lWUUKy2DxAhEzPbwd0jnxiw1EI2z3FiILM=
github.com/hoisie/mustache v0.0.0-20160804235033-6375acf62c69/go.mod h1:zdLK9ilQRSMjSeLKoZ4BqUfBT7jswTGF8zRlKEsiRXA=
github.com/kardianos/govendor v1.0.9/go.mod h1:yvmR6q9ZZ7nSF5Wvh40v0wfP+3TwwL8zYQp+itoZSVM=
github.com/kr/pretty v0.1.0 h1:L/CwN0zerZDmRFUapSPitk6f+Q3+0za1rQkzVuMiMFI=
github.com/kr/pretty v0.1.0/go.mod h1:dAy3ld7l9f0ibDNOQOHHMYYIIbhfbHSm3C4ZsoJORNo=
github.com/kr/pty v1.1.1/go.mod h1:pFQYn66WHrOpPYNljwOMqo10TkYh1fy3cYio2l3bCsQ=
github.com/kr/text v0.1.0 h1:45sCR5RtlFHMR4UwH9sdQ5TC8v0qDQCHnXt+kaKSTVE=
github.com/kr/text v0.1.0/go.mod h1:4Jbv+DJW3UT/LiOwJeYQe1efqtUx/iVham/4vfdArNI=
github.com/og/json v0.0.0-20200911082324-b2ef83a1c151/go.mod h1:AiKvpoV0+CvBNgclCC8XS/9uwy/ZC01qITbGxduIlrU=
github.com/og/json v0.0.0-20201001152020-90ef00c7e681 h1:zyHVhWO0AALwr9VldjkDgrA9KFeKlJVvr+1lgKMQh2c=
github.com/og/json v0.0.0-20201001152020-90ef00c7e681/go.mod h1:/eY2/ZrnKtytZqk39Jl4lXSdZ/nYpGmmqOafR0v9/tM=
github.com/og/x v0.0.0-20200102034047-45ae3cda9792/go.mod h1:9CPknqm4VhKaQKRcllH3pCVAz4Wj0yfuRBKEXw37rxw=
github.com/og/x v0.0.0-20200930085038-b6f1120013af/go.mod h1:IgGRcmaLMI5WhKKVihRT/sDJoqMzr/uGmS4g6kAans8=
github.com/og/x v0.0.0-20201210141255-dbe8c95570d3 h1:uByXBd731syRXXFws1LbBg3F94tdTFH7CfOrB4DLTz4=
github.com/og/x v0.0.0-20201210141255-dbe8c95570d3/go.mod h1:zax5SueqthLdt48iYUYJa6erJpK9xNmigS/jwgu9zTc=
github.com/og/x/json v0.0.0-20190911074324-46c1b3e856fb/go.mod h1:bZrrjE/DSoVtxVFWtDHU1BD82zwiheYZSSjCFWHEm70=
github.com/og/x/json v0.0.0-20200707080751-b6212c624e22 h1:3JfMMOKzzhwAFOrgLkhKk5V5i2ENYhMygRdeeFlPIqg=
github.com/og/x/json v0.0.0-20200707080751-b6212c624e22/go.mod h1:gcYUIgxOtIITHViuIilfUch7h7Stzt2+4J1neXDhDto=
github.com/pkg/errors v0.8.1/go.mod h1:bwawxfHBFNV+L2hUp1rHADufV3IMtnDRdf1r5NINEl0=
github.com/pmezard/go-difflib v1.0.0 h1:4DBwDE0NGyQoBHbLQYPwSUPoCMWR5BEzIk/f1lZbAQM=
github.com/pmezard/go-difflib v1.0.0/go.mod h1:iKH77koFhYxTK1pcRnkKkqfTogsbg7gZNVY4sRDYZ/4=
github.com/stretchr/objx v0.1.0/go.mod h1:HFkY916IF+rwdDfMAkV7OtwuqBVzrE8GR6GFx+wExME=
github.com/stretchr/testify v1.4.0/go.mod h1:j7eGeouHqKxXV5pUuKE4zz7dFj8WfuZ+81PSLYec5m4=
github.com/stretchr/testify v1.6.1 h1:hDPOHmpOpP40lSULcqw7IrRb/u7w6RpDC9399XyoNd0=
github.com/stretchr/testify v1.6.1/go.mod h1:6Fq8oRcR53rry900zMqJjRRixrwX3KX962/h/Wwjteg=
golang.org/x/crypto v0.0.0-20190308221718-c2843e01d9a2/go.mod h1:djNgcEr1/C05ACkg1iLfiJU5Ep61QUkGW8qpdssI0+w=
golang.org/x/net v0.0.0-20190620200207-3b0461eec859/go.mod h1:z5CRVTTTmAJ677TzLLGU+0bjPO0LkuOLi4/5GtJWs/s=
golang.org/x/sync v0.0.0-20190423024810-112230192c58/go.mod h1:RxMgew5VJxzue5/jJTE5uejpjVlOe/izrB70Jof72aM=
golang.org/x/sys v0.0.0-20190215142949-d0b11bdaac8a/go.mod h1:STP8DvDyc/dI5b8T5hshtkjS+E42TnysNCUPdjciGhY=
golang.org/x/text v0.3.0/go.mod h1:NqM8EUOU14njkJ3fqMW+pc6Ldnwhi/IjpwHt7yyuwOQ=
golang.org/x/tools v0.0.0-20191023202404-2b779830f9d3/go.mod h1:b+2E5dAYhXwXZwtnZ6UAqBI28+e2cm9otk0dWdXHAEo=
golang.org/x/xerrors v0.0.0-20190717185122-a985d3407aa7/go.mod h1:I/5z698sn9Ka8TeJc9MKroUUfqBBauWjQqLJ2OPfmY0=
gopkg.in/check.v1 v0.0.0-20161208181325-20d25e280405/go.mod h1:Co6ibVJAznAaIkqp8huTwlJQCZ016jof/cbN4VW5Yz0=
gopkg.in/check.v1 v1.0.0-20190902080502-41f04d3bba15 h1:YR8cESwS4TdDjEe65xsg0ogRM/Nc3DYOhEAlW+xobZo=
gopkg.in/check.v1 v1.0.0-20190902080502-41f04d3bba15/go.mod h1:Co6ibVJAznAaIkqp8huTwlJQCZ016jof/cbN4VW5Yz0=
gopkg.in/yaml.v2 v2.2.2/go.mod h1:hI93XBmqTisBFMUTm0b8Fm+jr3Dg1NNxqwp+5A1VGuI=
gopkg.in/yaml.v3 v3.0.0-20200313102051-9f266ea9e77c h1:dUUwHk2QECo/6vqA44rthZ8ie2QXMNeKRTHCNY2nXvo=
gopkg.in/yaml.v3 v3.0.0-20200313102051-9f266ea9e77c/go.mod h1:K4uyk7z7BCEPqu6E+C64Yfv1cQ7kz7rIZviUmN+EgEM=
